
Microsoft Visual Studio Solution File, Format Version 12.00
# Visual Studio Version 17
VisualStudioVersion = 17.12.35506.116
MinimumVisualStudioVersion = 10.0.40219.1
Project("{2150E333-8FDC-42A3-9474-1A3956D46DE8}") = "src", "src", "{DF613AE9-E619-4420-B1BB-B7235149916E}"
EndProject
Project("{2150E333-8FDC-42A3-9474-1A3956D46DE8}") = "BuildingBlocks", "BuildingBlocks", "{9D570092-FBBA-4C83-B3AE-6264D385476D}"
EndProject
Project("{2150E333-8FDC-42A3-9474-1A3956D46DE8}") = "Gateway", "Gateway", "{32DA4BDC-1A61-4E82-BEBF-A359D94D38FC}"
EndProject
Project("{2150E333-8FDC-42A3-9474-1A3956D46DE8}") = "Microservices", "Microservices", "{62C5CF3F-E56E-4E4D-9192-FB9B689CFFD6}"
EndProject
Project("{2150E333-8FDC-42A3-9474-1A3956D46DE8}") = "Web", "Web", "{525E5420-C268-4670-8083-C146904C78E8}"
EndProject
Project("{FAE04EC0-301F-11D3-BF4B-00C04F79EFBC}") = "GeneralLibrary", "src\BuildingBlocks\GeneralLibrary\GeneralLibrary.csproj", "{0313C97F-59B4-4D3B-9005-0741196B553C}"
EndProject
Project("{FAE04EC0-301F-11D3-BF4B-00C04F79EFBC}") = "Gateway.Api", "src\Gateway\Gateway.Api\Gateway.Api.csproj", "{2AC5F0DA-2B9D-4E88-B3CF-A2487F92D5D3}"
EndProject
Project("{E53339B2-1760-4266-BCC7-CA923CBCF16C}") = "docker-compose", "docker-compose.dcproj", "{BBCE3D8C-48CF-43E9-8E96-34F51DA56E3E}"
EndProject
Project("{2150E333-8FDC-42A3-9474-1A3956D46DE8}") = "Account", "Account", "{3A0D4A9D-D256-4F20-86BB-676C007B9E94}"
EndProject
Project("{2150E333-8FDC-42A3-9474-1A3956D46DE8}") = "Employer", "Employer", "{6B90FDB1-9E4E-46FF-89D3-53EF32A60D8A}"
EndProject
Project("{2150E333-8FDC-42A3-9474-1A3956D46DE8}") = "Employee", "Employee", "{DCDC55C5-B730-4DB9-B026-7CA81A7AE319}"
EndProject
Project("{FAE04EC0-301F-11D3-BF4B-00C04F79EFBC}") = "AccountMicroservice.Api", "src\Microservices\Account\AccountMicroservice.Api\AccountMicroservice.Api.csproj", "{8D795B40-898E-472B-B7C7-B18941C3B3D8}"
EndProject
Project("{FAE04EC0-301F-11D3-BF4B-00C04F79EFBC}") = "EmployerMicroservice.Api", "src\Microservices\Employer\EmployerMicroservice.Api\EmployerMicroservice.Api.csproj", "{18365BCE-5673-4EF5-B649-35CD63BB66E7}"
EndProject
Project("{FAE04EC0-301F-11D3-BF4B-00C04F79EFBC}") = "EmployeeMicroservice.Api", "src\Microservices\Employee\EmployeeMicroservice.Api\EmployeeMicroservice.Api.csproj", "{FE12BAD6-E81A-4EB0-BEF8-29474242D9D6}"
EndProject
Project("{FAE04EC0-301F-11D3-BF4B-00C04F79EFBC}") = "Web.MVC", "src\Web\Web.MVC\Web.MVC.csproj", "{A142294D-4736-427E-A619-5D76C63FF35D}"
EndProject
Project("{2150E333-8FDC-42A3-9474-1A3956D46DE8}") = "Resume", "Resume", "{D2440851-D9A7-46EF-8268-4DB3A6B29A87}"
EndProject
Project("{FAE04EC0-301F-11D3-BF4B-00C04F79EFBC}") = "ResumeMicroservice.Api", "src\Microservices\Resume\ResumeMicroservice.Api\ResumeMicroservice.Api.csproj", "{CE2B9475-D95D-4525-9339-3A5E9F246868}"
EndProject
Project("{2150E333-8FDC-42A3-9474-1A3956D46DE8}") = "Company", "Company", "{54D04853-DA03-4F89-8991-4AE2BF940F46}"
EndProject
Project("{FAE04EC0-301F-11D3-BF4B-00C04F79EFBC}") = "CompanyMicroservice.Api", "src\Microservices\Company\CompanyMicroservice.Api\CompanyMicroservice.Api.csproj", "{6F7DA3CF-023A-4BEB-9B11-576A8974491A}"
EndProject
Project("{2150E333-8FDC-42A3-9474-1A3956D46DE8}") = "tests", "tests", "{12FCFCFA-68C9-4B08-A27F-08CBE327A3E3}"
EndProject
Project("{FAE04EC0-301F-11D3-BF4B-00C04F79EFBC}") = "CompanyMicroservice.UnitTests", "src\Microservices\Company\tests\CompanyMicroservice.UnitTests\CompanyMicroservice.UnitTests.csproj", "{6E8A2909-1EA5-4D69-A48F-01D40CC69E50}"
EndProject
Project("{2150E333-8FDC-42A3-9474-1A3956D46DE8}") = "Vacancy", "Vacancy", "{27157472-E0FE-4054-9006-7417364A8C77}"
EndProject
Project("{FAE04EC0-301F-11D3-BF4B-00C04F79EFBC}") = "VacancyMicroservice.Api", "src\Microservices\Vacancy\VacancyMicroservice.Api\VacancyMicroservice.Api.csproj", "{DCF09C19-E151-45BC-A873-B1C1C05F71DB}"
EndProject
Project("{2150E333-8FDC-42A3-9474-1A3956D46DE8}") = "tests", "tests", "{62608A14-B5B1-43CA-A224-22EC28EE7D06}"
EndProject
Project("{FAE04EC0-301F-11D3-BF4B-00C04F79EFBC}") = "VacancyMicroservice.UnitTests", "src\Microservices\Vacancy\tests\VacancyMicroservice.UnitTests\VacancyMicroservice.UnitTests.csproj", "{723AA694-DCEA-4686-84AE-9DAFE82E9E72}"
EndProject
Project("{2150E333-8FDC-42A3-9474-1A3956D46DE8}") = "tests", "tests", "{F16C10C0-7C65-40BD-8E9D-FCA8EAD84DD5}"
EndProject
Project("{FAE04EC0-301F-11D3-BF4B-00C04F79EFBC}") = "ResumeMicroservice.UnitTests", "src\Microservices\Resume\tests\ResumeMicroservice.UnitTests\ResumeMicroservice.UnitTests.csproj", "{4F3CD78E-A566-44BD-8259-604CA0539819}"
EndProject
Project("{2150E333-8FDC-42A3-9474-1A3956D46DE8}") = "tests", "tests", "{66C61060-8D58-48F6-A563-762FD464928C}"
EndProject
Project("{FAE04EC0-301F-11D3-BF4B-00C04F79EFBC}") = "EmployerMicroservice.UnitTests", "src\Microservices\Employer\tests\EmployerMicroservice.UnitTests\EmployerMicroservice.UnitTests.csproj", "{10BDAAA8-2F07-4C69-A18D-146C6BF2EEF6}"
EndProject
Project("{2150E333-8FDC-42A3-9474-1A3956D46DE8}") = "tests", "tests", "{8E2954D7-8598-49D5-B3C1-817203DD06AA}"
EndProject
Project("{FAE04EC0-301F-11D3-BF4B-00C04F79EFBC}") = "EmployeeMicroservice.UnitTests", "src\Microservices\Employee\tests\EmployeeMicroservice.UnitTests\EmployeeMicroservice.UnitTests.csproj", "{43C6DC0C-F892-4EE7-9FB5-D669F62FAAEF}"
EndProject
Project("{2150E333-8FDC-42A3-9474-1A3956D46DE8}") = "Bookmark", "Bookmark", "{5D7062BB-C9D8-4153-A42B-EBED9452637E}"
EndProject
Project("{FAE04EC0-301F-11D3-BF4B-00C04F79EFBC}") = "BookmarkMicroservice.Api", "src\Microservices\Bookmark\BookmarkMicroservice.Api\BookmarkMicroservice.Api.csproj", "{2E8F8A70-A6AC-4933-98BA-D6FE83E14FF7}"
EndProject
Project("{2150E333-8FDC-42A3-9474-1A3956D46DE8}") = "tests", "tests", "{3647C171-9993-4B7D-B011-C9CC019A9084}"
EndProject
Project("{FAE04EC0-301F-11D3-BF4B-00C04F79EFBC}") = "BookmarkMicroservice.UnitTests", "src\Microservices\Bookmark\tests\BookmarkMicroservice.UnitTests\BookmarkMicroservice.UnitTests.csproj", "{656C1D60-C8B5-4791-A0C1-1BE6C6DE3B6D}"
EndProject
Project("{2150E333-8FDC-42A3-9474-1A3956D46DE8}") = "Response", "Response", "{4BE0D5F4-A68A-4BC4-B807-84A91273B094}"
EndProject
Project("{2150E333-8FDC-42A3-9474-1A3956D46DE8}") = "tests", "tests", "{849B43B1-BCBA-410D-AB67-C754B355E5A7}"
EndProject
Project("{FAE04EC0-301F-11D3-BF4B-00C04F79EFBC}") = "ResponseMicroservice.Api", "src\Microservices\Response\ResponseMicroservice.Api\ResponseMicroservice.Api.csproj", "{0C306C31-28C7-4C36-97C5-A27686EC003F}"
EndProject
Project("{FAE04EC0-301F-11D3-BF4B-00C04F79EFBC}") = "ResponseMicroservice.UnitTests", "src\Microservices\Response\tests\ResponseMicroservice.UnitTests\ResponseMicroservice.UnitTests.csproj", "{289239C5-0607-46B0-9D3E-F76DCA7C7098}"
EndProject
Project("{2150E333-8FDC-42A3-9474-1A3956D46DE8}") = "Chat", "Chat", "{3025FE83-9CF6-4117-AF1C-B51F30DEFD45}"
EndProject
Project("{FAE04EC0-301F-11D3-BF4B-00C04F79EFBC}") = "ChatMicroservice.Api", "src\Microservices\Chat\ChatMicroservice.Api\ChatMicroservice.Api.csproj", "{0FE1219A-6902-44DF-AA4A-8BA141018513}"
EndProject
Project("{2150E333-8FDC-42A3-9474-1A3956D46DE8}") = "tests", "tests", "{022A3C14-67BA-42F2-9808-D245890A2893}"
EndProject
Project("{FAE04EC0-301F-11D3-BF4B-00C04F79EFBC}") = "ChatMicroservice.UnitTests", "src\Microservices\Chat\tests\ChatMicroservice.UnitTests\ChatMicroservice.UnitTests.csproj", "{3302AF67-5E0E-4BC6-9F3B-D2950B04EA2E}"
EndProject
Project("{2150E333-8FDC-42A3-9474-1A3956D46DE8}") = "Notification", "Notification", "{871696E1-3A80-4508-B12C-B613BA101471}"
EndProject
Project("{FAE04EC0-301F-11D3-BF4B-00C04F79EFBC}") = "NotificationMicroservice.Api", "src\Microservices\Notification\NotificationMicroservice.Api\NotificationMicroservice.Api.csproj", "{4F58356A-266A-4F81-A35A-3E38504F14F3}"
EndProject
Project("{2150E333-8FDC-42A3-9474-1A3956D46DE8}") = "Review", "Review", "{6C8CDB64-E1CC-44E7-9F73-CEC1BDC639AF}"
EndProject
Project("{FAE04EC0-301F-11D3-BF4B-00C04F79EFBC}") = "ReviewMicroservice.Api", "src\Microservices\Review\ReviewMicroservice.Api\ReviewMicroservice.Api.csproj", "{2E80E5E1-8AA0-41B9-A930-A06F73273FFD}"
EndProject
Global
	GlobalSection(SolutionConfigurationPlatforms) = preSolution
		Debug|Any CPU = Debug|Any CPU
		Release|Any CPU = Release|Any CPU
	EndGlobalSection
	GlobalSection(ProjectConfigurationPlatforms) = postSolution
		{0313C97F-59B4-4D3B-9005-0741196B553C}.Debug|Any CPU.ActiveCfg = Debug|Any CPU
		{0313C97F-59B4-4D3B-9005-0741196B553C}.Debug|Any CPU.Build.0 = Debug|Any CPU
		{0313C97F-59B4-4D3B-9005-0741196B553C}.Release|Any CPU.ActiveCfg = Release|Any CPU
		{0313C97F-59B4-4D3B-9005-0741196B553C}.Release|Any CPU.Build.0 = Release|Any CPU
		{2AC5F0DA-2B9D-4E88-B3CF-A2487F92D5D3}.Debug|Any CPU.ActiveCfg = Debug|Any CPU
		{2AC5F0DA-2B9D-4E88-B3CF-A2487F92D5D3}.Debug|Any CPU.Build.0 = Debug|Any CPU
		{2AC5F0DA-2B9D-4E88-B3CF-A2487F92D5D3}.Release|Any CPU.ActiveCfg = Release|Any CPU
		{2AC5F0DA-2B9D-4E88-B3CF-A2487F92D5D3}.Release|Any CPU.Build.0 = Release|Any CPU
		{BBCE3D8C-48CF-43E9-8E96-34F51DA56E3E}.Debug|Any CPU.ActiveCfg = Debug|Any CPU
		{BBCE3D8C-48CF-43E9-8E96-34F51DA56E3E}.Debug|Any CPU.Build.0 = Debug|Any CPU
		{BBCE3D8C-48CF-43E9-8E96-34F51DA56E3E}.Release|Any CPU.ActiveCfg = Release|Any CPU
		{BBCE3D8C-48CF-43E9-8E96-34F51DA56E3E}.Release|Any CPU.Build.0 = Release|Any CPU
		{8D795B40-898E-472B-B7C7-B18941C3B3D8}.Debug|Any CPU.ActiveCfg = Debug|Any CPU
		{8D795B40-898E-472B-B7C7-B18941C3B3D8}.Debug|Any CPU.Build.0 = Debug|Any CPU
		{8D795B40-898E-472B-B7C7-B18941C3B3D8}.Release|Any CPU.ActiveCfg = Release|Any CPU
		{8D795B40-898E-472B-B7C7-B18941C3B3D8}.Release|Any CPU.Build.0 = Release|Any CPU
		{18365BCE-5673-4EF5-B649-35CD63BB66E7}.Debug|Any CPU.ActiveCfg = Debug|Any CPU
		{18365BCE-5673-4EF5-B649-35CD63BB66E7}.Debug|Any CPU.Build.0 = Debug|Any CPU
		{18365BCE-5673-4EF5-B649-35CD63BB66E7}.Release|Any CPU.ActiveCfg = Release|Any CPU
		{18365BCE-5673-4EF5-B649-35CD63BB66E7}.Release|Any CPU.Build.0 = Release|Any CPU
		{FE12BAD6-E81A-4EB0-BEF8-29474242D9D6}.Debug|Any CPU.ActiveCfg = Debug|Any CPU
		{FE12BAD6-E81A-4EB0-BEF8-29474242D9D6}.Debug|Any CPU.Build.0 = Debug|Any CPU
		{FE12BAD6-E81A-4EB0-BEF8-29474242D9D6}.Release|Any CPU.ActiveCfg = Release|Any CPU
		{FE12BAD6-E81A-4EB0-BEF8-29474242D9D6}.Release|Any CPU.Build.0 = Release|Any CPU
		{A142294D-4736-427E-A619-5D76C63FF35D}.Debug|Any CPU.ActiveCfg = Debug|Any CPU
		{A142294D-4736-427E-A619-5D76C63FF35D}.Debug|Any CPU.Build.0 = Debug|Any CPU
		{A142294D-4736-427E-A619-5D76C63FF35D}.Release|Any CPU.ActiveCfg = Release|Any CPU
		{A142294D-4736-427E-A619-5D76C63FF35D}.Release|Any CPU.Build.0 = Release|Any CPU
		{CE2B9475-D95D-4525-9339-3A5E9F246868}.Debug|Any CPU.ActiveCfg = Debug|Any CPU
		{CE2B9475-D95D-4525-9339-3A5E9F246868}.Debug|Any CPU.Build.0 = Debug|Any CPU
		{CE2B9475-D95D-4525-9339-3A5E9F246868}.Release|Any CPU.ActiveCfg = Release|Any CPU
		{CE2B9475-D95D-4525-9339-3A5E9F246868}.Release|Any CPU.Build.0 = Release|Any CPU
		{6F7DA3CF-023A-4BEB-9B11-576A8974491A}.Debug|Any CPU.ActiveCfg = Debug|Any CPU
		{6F7DA3CF-023A-4BEB-9B11-576A8974491A}.Debug|Any CPU.Build.0 = Debug|Any CPU
		{6F7DA3CF-023A-4BEB-9B11-576A8974491A}.Release|Any CPU.ActiveCfg = Release|Any CPU
		{6F7DA3CF-023A-4BEB-9B11-576A8974491A}.Release|Any CPU.Build.0 = Release|Any CPU
		{6E8A2909-1EA5-4D69-A48F-01D40CC69E50}.Debug|Any CPU.ActiveCfg = Debug|Any CPU
		{6E8A2909-1EA5-4D69-A48F-01D40CC69E50}.Debug|Any CPU.Build.0 = Debug|Any CPU
		{6E8A2909-1EA5-4D69-A48F-01D40CC69E50}.Release|Any CPU.ActiveCfg = Release|Any CPU
		{6E8A2909-1EA5-4D69-A48F-01D40CC69E50}.Release|Any CPU.Build.0 = Release|Any CPU
		{DCF09C19-E151-45BC-A873-B1C1C05F71DB}.Debug|Any CPU.ActiveCfg = Debug|Any CPU
		{DCF09C19-E151-45BC-A873-B1C1C05F71DB}.Debug|Any CPU.Build.0 = Debug|Any CPU
		{DCF09C19-E151-45BC-A873-B1C1C05F71DB}.Release|Any CPU.ActiveCfg = Release|Any CPU
		{DCF09C19-E151-45BC-A873-B1C1C05F71DB}.Release|Any CPU.Build.0 = Release|Any CPU
		{723AA694-DCEA-4686-84AE-9DAFE82E9E72}.Debug|Any CPU.ActiveCfg = Debug|Any CPU
		{723AA694-DCEA-4686-84AE-9DAFE82E9E72}.Debug|Any CPU.Build.0 = Debug|Any CPU
		{723AA694-DCEA-4686-84AE-9DAFE82E9E72}.Release|Any CPU.ActiveCfg = Release|Any CPU
		{723AA694-DCEA-4686-84AE-9DAFE82E9E72}.Release|Any CPU.Build.0 = Release|Any CPU
		{4F3CD78E-A566-44BD-8259-604CA0539819}.Debug|Any CPU.ActiveCfg = Debug|Any CPU
		{4F3CD78E-A566-44BD-8259-604CA0539819}.Debug|Any CPU.Build.0 = Debug|Any CPU
		{4F3CD78E-A566-44BD-8259-604CA0539819}.Release|Any CPU.ActiveCfg = Release|Any CPU
		{4F3CD78E-A566-44BD-8259-604CA0539819}.Release|Any CPU.Build.0 = Release|Any CPU
		{10BDAAA8-2F07-4C69-A18D-146C6BF2EEF6}.Debug|Any CPU.ActiveCfg = Debug|Any CPU
		{10BDAAA8-2F07-4C69-A18D-146C6BF2EEF6}.Debug|Any CPU.Build.0 = Debug|Any CPU
		{10BDAAA8-2F07-4C69-A18D-146C6BF2EEF6}.Release|Any CPU.ActiveCfg = Release|Any CPU
		{10BDAAA8-2F07-4C69-A18D-146C6BF2EEF6}.Release|Any CPU.Build.0 = Release|Any CPU
		{43C6DC0C-F892-4EE7-9FB5-D669F62FAAEF}.Debug|Any CPU.ActiveCfg = Debug|Any CPU
		{43C6DC0C-F892-4EE7-9FB5-D669F62FAAEF}.Debug|Any CPU.Build.0 = Debug|Any CPU
		{43C6DC0C-F892-4EE7-9FB5-D669F62FAAEF}.Release|Any CPU.ActiveCfg = Release|Any CPU
		{43C6DC0C-F892-4EE7-9FB5-D669F62FAAEF}.Release|Any CPU.Build.0 = Release|Any CPU
		{2E8F8A70-A6AC-4933-98BA-D6FE83E14FF7}.Debug|Any CPU.ActiveCfg = Debug|Any CPU
		{2E8F8A70-A6AC-4933-98BA-D6FE83E14FF7}.Debug|Any CPU.Build.0 = Debug|Any CPU
		{2E8F8A70-A6AC-4933-98BA-D6FE83E14FF7}.Release|Any CPU.ActiveCfg = Release|Any CPU
		{2E8F8A70-A6AC-4933-98BA-D6FE83E14FF7}.Release|Any CPU.Build.0 = Release|Any CPU
		{656C1D60-C8B5-4791-A0C1-1BE6C6DE3B6D}.Debug|Any CPU.ActiveCfg = Debug|Any CPU
		{656C1D60-C8B5-4791-A0C1-1BE6C6DE3B6D}.Debug|Any CPU.Build.0 = Debug|Any CPU
		{656C1D60-C8B5-4791-A0C1-1BE6C6DE3B6D}.Release|Any CPU.ActiveCfg = Release|Any CPU
		{656C1D60-C8B5-4791-A0C1-1BE6C6DE3B6D}.Release|Any CPU.Build.0 = Release|Any CPU
		{0C306C31-28C7-4C36-97C5-A27686EC003F}.Debug|Any CPU.ActiveCfg = Debug|Any CPU
		{0C306C31-28C7-4C36-97C5-A27686EC003F}.Debug|Any CPU.Build.0 = Debug|Any CPU
		{0C306C31-28C7-4C36-97C5-A27686EC003F}.Release|Any CPU.ActiveCfg = Release|Any CPU
		{0C306C31-28C7-4C36-97C5-A27686EC003F}.Release|Any CPU.Build.0 = Release|Any CPU
		{289239C5-0607-46B0-9D3E-F76DCA7C7098}.Debug|Any CPU.ActiveCfg = Debug|Any CPU
		{289239C5-0607-46B0-9D3E-F76DCA7C7098}.Debug|Any CPU.Build.0 = Debug|Any CPU
		{289239C5-0607-46B0-9D3E-F76DCA7C7098}.Release|Any CPU.ActiveCfg = Release|Any CPU
		{289239C5-0607-46B0-9D3E-F76DCA7C7098}.Release|Any CPU.Build.0 = Release|Any CPU
		{0FE1219A-6902-44DF-AA4A-8BA141018513}.Debug|Any CPU.ActiveCfg = Debug|Any CPU
		{0FE1219A-6902-44DF-AA4A-8BA141018513}.Debug|Any CPU.Build.0 = Debug|Any CPU
		{0FE1219A-6902-44DF-AA4A-8BA141018513}.Release|Any CPU.ActiveCfg = Release|Any CPU
		{0FE1219A-6902-44DF-AA4A-8BA141018513}.Release|Any CPU.Build.0 = Release|Any CPU
		{3302AF67-5E0E-4BC6-9F3B-D2950B04EA2E}.Debug|Any CPU.ActiveCfg = Debug|Any CPU
		{3302AF67-5E0E-4BC6-9F3B-D2950B04EA2E}.Debug|Any CPU.Build.0 = Debug|Any CPU
		{3302AF67-5E0E-4BC6-9F3B-D2950B04EA2E}.Release|Any CPU.ActiveCfg = Release|Any CPU
		{3302AF67-5E0E-4BC6-9F3B-D2950B04EA2E}.Release|Any CPU.Build.0 = Release|Any CPU
		{4F58356A-266A-4F81-A35A-3E38504F14F3}.Debug|Any CPU.ActiveCfg = Debug|Any CPU
		{4F58356A-266A-4F81-A35A-3E38504F14F3}.Debug|Any CPU.Build.0 = Debug|Any CPU
		{4F58356A-266A-4F81-A35A-3E38504F14F3}.Release|Any CPU.ActiveCfg = Release|Any CPU
		{4F58356A-266A-4F81-A35A-3E38504F14F3}.Release|Any CPU.Build.0 = Release|Any CPU
		{2E80E5E1-8AA0-41B9-A930-A06F73273FFD}.Debug|Any CPU.ActiveCfg = Debug|Any CPU
		{2E80E5E1-8AA0-41B9-A930-A06F73273FFD}.Debug|Any CPU.Build.0 = Debug|Any CPU
		{2E80E5E1-8AA0-41B9-A930-A06F73273FFD}.Release|Any CPU.ActiveCfg = Release|Any CPU
		{2E80E5E1-8AA0-41B9-A930-A06F73273FFD}.Release|Any CPU.Build.0 = Release|Any CPU
	EndGlobalSection
	GlobalSection(SolutionProperties) = preSolution
		HideSolutionNode = FALSE
	EndGlobalSection
	GlobalSection(NestedProjects) = preSolution
		{9D570092-FBBA-4C83-B3AE-6264D385476D} = {DF613AE9-E619-4420-B1BB-B7235149916E}
		{32DA4BDC-1A61-4E82-BEBF-A359D94D38FC} = {DF613AE9-E619-4420-B1BB-B7235149916E}
		{62C5CF3F-E56E-4E4D-9192-FB9B689CFFD6} = {DF613AE9-E619-4420-B1BB-B7235149916E}
		{525E5420-C268-4670-8083-C146904C78E8} = {DF613AE9-E619-4420-B1BB-B7235149916E}
		{0313C97F-59B4-4D3B-9005-0741196B553C} = {9D570092-FBBA-4C83-B3AE-6264D385476D}
		{2AC5F0DA-2B9D-4E88-B3CF-A2487F92D5D3} = {32DA4BDC-1A61-4E82-BEBF-A359D94D38FC}
		{3A0D4A9D-D256-4F20-86BB-676C007B9E94} = {62C5CF3F-E56E-4E4D-9192-FB9B689CFFD6}
		{6B90FDB1-9E4E-46FF-89D3-53EF32A60D8A} = {62C5CF3F-E56E-4E4D-9192-FB9B689CFFD6}
		{DCDC55C5-B730-4DB9-B026-7CA81A7AE319} = {62C5CF3F-E56E-4E4D-9192-FB9B689CFFD6}
		{8D795B40-898E-472B-B7C7-B18941C3B3D8} = {3A0D4A9D-D256-4F20-86BB-676C007B9E94}
		{18365BCE-5673-4EF5-B649-35CD63BB66E7} = {6B90FDB1-9E4E-46FF-89D3-53EF32A60D8A}
		{FE12BAD6-E81A-4EB0-BEF8-29474242D9D6} = {DCDC55C5-B730-4DB9-B026-7CA81A7AE319}
		{A142294D-4736-427E-A619-5D76C63FF35D} = {525E5420-C268-4670-8083-C146904C78E8}
		{D2440851-D9A7-46EF-8268-4DB3A6B29A87} = {62C5CF3F-E56E-4E4D-9192-FB9B689CFFD6}
		{CE2B9475-D95D-4525-9339-3A5E9F246868} = {D2440851-D9A7-46EF-8268-4DB3A6B29A87}
		{54D04853-DA03-4F89-8991-4AE2BF940F46} = {62C5CF3F-E56E-4E4D-9192-FB9B689CFFD6}
		{6F7DA3CF-023A-4BEB-9B11-576A8974491A} = {54D04853-DA03-4F89-8991-4AE2BF940F46}
		{12FCFCFA-68C9-4B08-A27F-08CBE327A3E3} = {54D04853-DA03-4F89-8991-4AE2BF940F46}
		{6E8A2909-1EA5-4D69-A48F-01D40CC69E50} = {12FCFCFA-68C9-4B08-A27F-08CBE327A3E3}
		{27157472-E0FE-4054-9006-7417364A8C77} = {62C5CF3F-E56E-4E4D-9192-FB9B689CFFD6}
		{DCF09C19-E151-45BC-A873-B1C1C05F71DB} = {27157472-E0FE-4054-9006-7417364A8C77}
		{62608A14-B5B1-43CA-A224-22EC28EE7D06} = {27157472-E0FE-4054-9006-7417364A8C77}
		{723AA694-DCEA-4686-84AE-9DAFE82E9E72} = {62608A14-B5B1-43CA-A224-22EC28EE7D06}
		{F16C10C0-7C65-40BD-8E9D-FCA8EAD84DD5} = {D2440851-D9A7-46EF-8268-4DB3A6B29A87}
		{4F3CD78E-A566-44BD-8259-604CA0539819} = {F16C10C0-7C65-40BD-8E9D-FCA8EAD84DD5}
		{66C61060-8D58-48F6-A563-762FD464928C} = {6B90FDB1-9E4E-46FF-89D3-53EF32A60D8A}
		{10BDAAA8-2F07-4C69-A18D-146C6BF2EEF6} = {66C61060-8D58-48F6-A563-762FD464928C}
		{8E2954D7-8598-49D5-B3C1-817203DD06AA} = {DCDC55C5-B730-4DB9-B026-7CA81A7AE319}
		{43C6DC0C-F892-4EE7-9FB5-D669F62FAAEF} = {8E2954D7-8598-49D5-B3C1-817203DD06AA}
		{5D7062BB-C9D8-4153-A42B-EBED9452637E} = {3A0D4A9D-D256-4F20-86BB-676C007B9E94}
		{2E8F8A70-A6AC-4933-98BA-D6FE83E14FF7} = {5D7062BB-C9D8-4153-A42B-EBED9452637E}
		{3647C171-9993-4B7D-B011-C9CC019A9084} = {5D7062BB-C9D8-4153-A42B-EBED9452637E}
		{656C1D60-C8B5-4791-A0C1-1BE6C6DE3B6D} = {3647C171-9993-4B7D-B011-C9CC019A9084}
		{4BE0D5F4-A68A-4BC4-B807-84A91273B094} = {62C5CF3F-E56E-4E4D-9192-FB9B689CFFD6}
		{849B43B1-BCBA-410D-AB67-C754B355E5A7} = {4BE0D5F4-A68A-4BC4-B807-84A91273B094}
		{0C306C31-28C7-4C36-97C5-A27686EC003F} = {4BE0D5F4-A68A-4BC4-B807-84A91273B094}
		{289239C5-0607-46B0-9D3E-F76DCA7C7098} = {849B43B1-BCBA-410D-AB67-C754B355E5A7}
		{3025FE83-9CF6-4117-AF1C-B51F30DEFD45} = {62C5CF3F-E56E-4E4D-9192-FB9B689CFFD6}
		{0FE1219A-6902-44DF-AA4A-8BA141018513} = {3025FE83-9CF6-4117-AF1C-B51F30DEFD45}
		{022A3C14-67BA-42F2-9808-D245890A2893} = {3025FE83-9CF6-4117-AF1C-B51F30DEFD45}
		{3302AF67-5E0E-4BC6-9F3B-D2950B04EA2E} = {022A3C14-67BA-42F2-9808-D245890A2893}
		{871696E1-3A80-4508-B12C-B613BA101471} = {62C5CF3F-E56E-4E4D-9192-FB9B689CFFD6}
		{4F58356A-266A-4F81-A35A-3E38504F14F3} = {871696E1-3A80-4508-B12C-B613BA101471}
		{6C8CDB64-E1CC-44E7-9F73-CEC1BDC639AF} = {62C5CF3F-E56E-4E4D-9192-FB9B689CFFD6}
		{2E80E5E1-8AA0-41B9-A930-A06F73273FFD} = {6C8CDB64-E1CC-44E7-9F73-CEC1BDC639AF}
	EndGlobalSection
EndGlobal
