
Microsoft Visual Studio Solution File, Format Version 12.00
# Visual Studio Version 17
VisualStudioVersion = 17.12.35506.116
MinimumVisualStudioVersion = 10.0.40219.1
Project("{2150E333-8FDC-42A3-9474-1A3956D46DE8}") = "src", "src", "{DF613AE9-E619-4420-B1BB-B7235149916E}"
EndProject
Project("{2150E333-8FDC-42A3-9474-1A3956D46DE8}") = "BuildingBlocks", "BuildingBlocks", "{9D570092-FBBA-4C83-B3AE-6264D385476D}"
EndProject
Project("{2150E333-8FDC-42A3-9474-1A3956D46DE8}") = "Gateway", "Gateway", "{32DA4BDC-1A61-4E82-BEBF-A359D94D38FC}"
EndProject
Project("{2150E333-8FDC-42A3-9474-1A3956D46DE8}") = "Microservices", "Microservices", "{62C5CF3F-E56E-4E4D-9192-FB9B689CFFD6}"
EndProject
Project("{2150E333-8FDC-42A3-9474-1A3956D46DE8}") = "Web", "Web", "{525E5420-C268-4670-8083-C146904C78E8}"
EndProject
Project("{FAE04EC0-301F-11D3-BF4B-00C04F79EFBC}") = "GeneralLibrary", "src\BuildingBlocks\GeneralLibrary\GeneralLibrary.csproj", "{0313C97F-59B4-4D3B-9005-0741196B553C}"
EndProject
Project("{FAE04EC0-301F-11D3-BF4B-00C04F79EFBC}") = "Gateway.Api", "src\Gateway\Gateway.Api\Gateway.Api.csproj", "{2AC5F0DA-2B9D-4E88-B3CF-A2487F92D5D3}"
EndProject
Project("{E53339B2-1760-4266-BCC7-CA923CBCF16C}") = "docker-compose", "docker-compose.dcproj", "{BBCE3D8C-48CF-43E9-8E96-34F51DA56E3E}"
EndProject
Project("{2150E333-8FDC-42A3-9474-1A3956D46DE8}") = "Account", "Account", "{3A0D4A9D-D256-4F20-86BB-676C007B9E94}"
EndProject
Project("{2150E333-8FDC-42A3-9474-1A3956D46DE8}") = "Employer", "Employer", "{6B90FDB1-9E4E-46FF-89D3-53EF32A60D8A}"
EndProject
Project("{2150E333-8FDC-42A3-9474-1A3956D46DE8}") = "Employee", "Employee", "{DCDC55C5-B730-4DB9-B026-7CA81A7AE319}"
EndProject
Project("{FAE04EC0-301F-11D3-BF4B-00C04F79EFBC}") = "AccountMicroservice.Api", "src\Microservices\Account\AccountMicroservice.Api\AccountMicroservice.Api.csproj", "{8D795B40-898E-472B-B7C7-B18941C3B3D8}"
EndProject
Project("{FAE04EC0-301F-11D3-BF4B-00C04F79EFBC}") = "EmployerMicroservice.Api", "src\Microservices\Employer\EmployerMicroservice.Api\EmployerMicroservice.Api.csproj", "{18365BCE-5673-4EF5-B649-35CD63BB66E7}"
EndProject
Project("{FAE04EC0-301F-11D3-BF4B-00C04F79EFBC}") = "EmployeeMicroservice.Api", "src\Microservices\Employee\EmployeeMicroservice.Api\EmployeeMicroservice.Api.csproj", "{FE12BAD6-E81A-4EB0-BEF8-29474242D9D6}"
EndProject
Project("{FAE04EC0-301F-11D3-BF4B-00C04F79EFBC}") = "Web.MVC", "src\Web\Web.MVC\Web.MVC.csproj", "{A142294D-4736-427E-A619-5D76C63FF35D}"
EndProject
Project("{2150E333-8FDC-42A3-9474-1A3956D46DE8}") = "Resume", "Resume", "{D2440851-D9A7-46EF-8268-4DB3A6B29A87}"
EndProject
Project("{FAE04EC0-301F-11D3-BF4B-00C04F79EFBC}") = "ResumeMicroservice.Api", "src\Microservices\Resume\ResumeMicroservice.Api\ResumeMicroservice.Api.csproj", "{CE2B9475-D95D-4525-9339-3A5E9F246868}"
EndProject
Project("{2150E333-8FDC-42A3-9474-1A3956D46DE8}") = "Company", "Company", "{54D04853-DA03-4F89-8991-4AE2BF940F46}"
EndProject
Project("{FAE04EC0-301F-11D3-BF4B-00C04F79EFBC}") = "CompanyMicroservice.Api", "src\Microservices\Company\CompanyMicroservice.Api\CompanyMicroservice.Api.csproj", "{6F7DA3CF-023A-4BEB-9B11-576A8974491A}"
EndProject
Project("{2150E333-8FDC-42A3-9474-1A3956D46DE8}") = "tests", "tests", "{12FCFCFA-68C9-4B08-A27F-08CBE327A3E3}"
EndProject
Project("{FAE04EC0-301F-11D3-BF4B-00C04F79EFBC}") = "CompanyMicroservice.UnitTests", "src\Microservices\Company\tests\CompanyMicroservice.UnitTests\CompanyMicroservice.UnitTests.csproj", "{6E8A2909-1EA5-4D69-A48F-01D40CC69E50}"
EndProject
Global
	GlobalSection(SolutionConfigurationPlatforms) = preSolution
		Debug|Any CPU = Debug|Any CPU
		Release|Any CPU = Release|Any CPU
	EndGlobalSection
	GlobalSection(ProjectConfigurationPlatforms) = postSolution
		{0313C97F-59B4-4D3B-9005-0741196B553C}.Debug|Any CPU.ActiveCfg = Debug|Any CPU
		{0313C97F-59B4-4D3B-9005-0741196B553C}.Debug|Any CPU.Build.0 = Debug|Any CPU
		{0313C97F-59B4-4D3B-9005-0741196B553C}.Release|Any CPU.ActiveCfg = Release|Any CPU
		{0313C97F-59B4-4D3B-9005-0741196B553C}.Release|Any CPU.Build.0 = Release|Any CPU
		{2AC5F0DA-2B9D-4E88-B3CF-A2487F92D5D3}.Debug|Any CPU.ActiveCfg = Debug|Any CPU
		{2AC5F0DA-2B9D-4E88-B3CF-A2487F92D5D3}.Debug|Any CPU.Build.0 = Debug|Any CPU
		{2AC5F0DA-2B9D-4E88-B3CF-A2487F92D5D3}.Release|Any CPU.ActiveCfg = Release|Any CPU
		{2AC5F0DA-2B9D-4E88-B3CF-A2487F92D5D3}.Release|Any CPU.Build.0 = Release|Any CPU
		{BBCE3D8C-48CF-43E9-8E96-34F51DA56E3E}.Debug|Any CPU.ActiveCfg = Debug|Any CPU
		{BBCE3D8C-48CF-43E9-8E96-34F51DA56E3E}.Debug|Any CPU.Build.0 = Debug|Any CPU
		{BBCE3D8C-48CF-43E9-8E96-34F51DA56E3E}.Release|Any CPU.ActiveCfg = Release|Any CPU
		{BBCE3D8C-48CF-43E9-8E96-34F51DA56E3E}.Release|Any CPU.Build.0 = Release|Any CPU
		{8D795B40-898E-472B-B7C7-B18941C3B3D8}.Debug|Any CPU.ActiveCfg = Debug|Any CPU
		{8D795B40-898E-472B-B7C7-B18941C3B3D8}.Debug|Any CPU.Build.0 = Debug|Any CPU
		{8D795B40-898E-472B-B7C7-B18941C3B3D8}.Release|Any CPU.ActiveCfg = Release|Any CPU
		{8D795B40-898E-472B-B7C7-B18941C3B3D8}.Release|Any CPU.Build.0 = Release|Any CPU
		{18365BCE-5673-4EF5-B649-35CD63BB66E7}.Debug|Any CPU.ActiveCfg = Debug|Any CPU
		{18365BCE-5673-4EF5-B649-35CD63BB66E7}.Debug|Any CPU.Build.0 = Debug|Any CPU
		{18365BCE-5673-4EF5-B649-35CD63BB66E7}.Release|Any CPU.ActiveCfg = Release|Any CPU
		{18365BCE-5673-4EF5-B649-35CD63BB66E7}.Release|Any CPU.Build.0 = Release|Any CPU
		{FE12BAD6-E81A-4EB0-BEF8-29474242D9D6}.Debug|Any CPU.ActiveCfg = Debug|Any CPU
		{FE12BAD6-E81A-4EB0-BEF8-29474242D9D6}.Debug|Any CPU.Build.0 = Debug|Any CPU
		{FE12BAD6-E81A-4EB0-BEF8-29474242D9D6}.Release|Any CPU.ActiveCfg = Release|Any CPU
		{FE12BAD6-E81A-4EB0-BEF8-29474242D9D6}.Release|Any CPU.Build.0 = Release|Any CPU
		{A142294D-4736-427E-A619-5D76C63FF35D}.Debug|Any CPU.ActiveCfg = Debug|Any CPU
		{A142294D-4736-427E-A619-5D76C63FF35D}.Debug|Any CPU.Build.0 = Debug|Any CPU
		{A142294D-4736-427E-A619-5D76C63FF35D}.Release|Any CPU.ActiveCfg = Release|Any CPU
		{A142294D-4736-427E-A619-5D76C63FF35D}.Release|Any CPU.Build.0 = Release|Any CPU
		{CE2B9475-D95D-4525-9339-3A5E9F246868}.Debug|Any CPU.ActiveCfg = Debug|Any CPU
		{CE2B9475-D95D-4525-9339-3A5E9F246868}.Debug|Any CPU.Build.0 = Debug|Any CPU
		{CE2B9475-D95D-4525-9339-3A5E9F246868}.Release|Any CPU.ActiveCfg = Release|Any CPU
		{CE2B9475-D95D-4525-9339-3A5E9F246868}.Release|Any CPU.Build.0 = Release|Any CPU
		{6F7DA3CF-023A-4BEB-9B11-576A8974491A}.Debug|Any CPU.ActiveCfg = Debug|Any CPU
		{6F7DA3CF-023A-4BEB-9B11-576A8974491A}.Debug|Any CPU.Build.0 = Debug|Any CPU
		{6F7DA3CF-023A-4BEB-9B11-576A8974491A}.Release|Any CPU.ActiveCfg = Release|Any CPU
		{6F7DA3CF-023A-4BEB-9B11-576A8974491A}.Release|Any CPU.Build.0 = Release|Any CPU
		{6E8A2909-1EA5-4D69-A48F-01D40CC69E50}.Debug|Any CPU.ActiveCfg = Debug|Any CPU
		{6E8A2909-1EA5-4D69-A48F-01D40CC69E50}.Debug|Any CPU.Build.0 = Debug|Any CPU
		{6E8A2909-1EA5-4D69-A48F-01D40CC69E50}.Release|Any CPU.ActiveCfg = Release|Any CPU
		{6E8A2909-1EA5-4D69-A48F-01D40CC69E50}.Release|Any CPU.Build.0 = Release|Any CPU
	EndGlobalSection
	GlobalSection(SolutionProperties) = preSolution
		HideSolutionNode = FALSE
	EndGlobalSection
	GlobalSection(NestedProjects) = preSolution
		{9D570092-FBBA-4C83-B3AE-6264D385476D} = {DF613AE9-E619-4420-B1BB-B7235149916E}
		{32DA4BDC-1A61-4E82-BEBF-A359D94D38FC} = {DF613AE9-E619-4420-B1BB-B7235149916E}
		{62C5CF3F-E56E-4E4D-9192-FB9B689CFFD6} = {DF613AE9-E619-4420-B1BB-B7235149916E}
		{525E5420-C268-4670-8083-C146904C78E8} = {DF613AE9-E619-4420-B1BB-B7235149916E}
		{0313C97F-59B4-4D3B-9005-0741196B553C} = {9D570092-FBBA-4C83-B3AE-6264D385476D}
		{2AC5F0DA-2B9D-4E88-B3CF-A2487F92D5D3} = {32DA4BDC-1A61-4E82-BEBF-A359D94D38FC}
		{3A0D4A9D-D256-4F20-86BB-676C007B9E94} = {62C5CF3F-E56E-4E4D-9192-FB9B689CFFD6}
		{6B90FDB1-9E4E-46FF-89D3-53EF32A60D8A} = {62C5CF3F-E56E-4E4D-9192-FB9B689CFFD6}
		{DCDC55C5-B730-4DB9-B026-7CA81A7AE319} = {62C5CF3F-E56E-4E4D-9192-FB9B689CFFD6}
		{8D795B40-898E-472B-B7C7-B18941C3B3D8} = {3A0D4A9D-D256-4F20-86BB-676C007B9E94}
		{18365BCE-5673-4EF5-B649-35CD63BB66E7} = {6B90FDB1-9E4E-46FF-89D3-53EF32A60D8A}
		{FE12BAD6-E81A-4EB0-BEF8-29474242D9D6} = {DCDC55C5-B730-4DB9-B026-7CA81A7AE319}
		{A142294D-4736-427E-A619-5D76C63FF35D} = {525E5420-C268-4670-8083-C146904C78E8}
		{D2440851-D9A7-46EF-8268-4DB3A6B29A87} = {62C5CF3F-E56E-4E4D-9192-FB9B689CFFD6}
		{CE2B9475-D95D-4525-9339-3A5E9F246868} = {D2440851-D9A7-46EF-8268-4DB3A6B29A87}
		{54D04853-DA03-4F89-8991-4AE2BF940F46} = {62C5CF3F-E56E-4E4D-9192-FB9B689CFFD6}
		{6F7DA3CF-023A-4BEB-9B11-576A8974491A} = {54D04853-DA03-4F89-8991-4AE2BF940F46}
		{12FCFCFA-68C9-4B08-A27F-08CBE327A3E3} = {54D04853-DA03-4F89-8991-4AE2BF940F46}
		{6E8A2909-1EA5-4D69-A48F-01D40CC69E50} = {12FCFCFA-68C9-4B08-A27F-08CBE327A3E3}
	EndGlobalSection
EndGlobal
